
Microsoft Visual Studio Solution File, Format Version 12.00
# Visual Studio 2013
VisualStudioVersion = 12.0.21005.1
MinimumVisualStudioVersion = 10.0.40219.1
Project("{F184B08F-C81C-45F6-A57F-5ABD9991F28F}") = "Unit Testing", "Unit Testing\Unit Testing.vbproj", "{25BFEABE-BBC5-4F28-A163-9D9F5FA63BBC}"
EndProject
Project("{F184B08F-C81C-45F6-A57F-5ABD9991F28F}") = "UnitTest", "UnitTest\UnitTest.vbproj", "{0E693DAD-28F8-431D-9702-6168CAA94B82}"
EndProject
Global
	GlobalSection(SolutionConfigurationPlatforms) = preSolution
		Debug|Any CPU = Debug|Any CPU
		Release|Any CPU = Release|Any CPU
	EndGlobalSection
	GlobalSection(ProjectConfigurationPlatforms) = postSolution
		{25BFEABE-BBC5-4F28-A163-9D9F5FA63BBC}.Debug|Any CPU.ActiveCfg = Debug|Any CPU
		{25BFEABE-BBC5-4F28-A163-9D9F5FA63BBC}.Debug|Any CPU.Build.0 = Debug|Any CPU
		{25BFEABE-BBC5-4F28-A163-9D9F5FA63BBC}.Release|Any CPU.ActiveCfg = Release|Any CPU
		{25BFEABE-BBC5-4F28-A163-9D9F5FA63BBC}.Release|Any CPU.Build.0 = Release|Any CPU
		{0E693DAD-28F8-431D-9702-6168CAA94B82}.Debug|Any CPU.ActiveCfg = Debug|Any CPU
		{0E693DAD-28F8-431D-9702-6168CAA94B82}.Debug|Any CPU.Build.0 = Debug|Any CPU
		{0E693DAD-28F8-431D-9702-6168CAA94B82}.Release|Any CPU.ActiveCfg = Release|Any CPU
		{0E693DAD-28F8-431D-9702-6168CAA94B82}.Release|Any CPU.Build.0 = Release|Any CPU
	EndGlobalSection
	GlobalSection(SolutionProperties) = preSolution
		HideSolutionNode = FALSE
	EndGlobalSection
EndGlobal
